
Microsoft Visual Studio Solution File, Format Version 12.00
# Visual Studio 15
VisualStudioVersion = 15.0.26730.10
MinimumVisualStudioVersion = 10.0.40219.1
Project("{9A19103F-16F7-4668-BE54-9A1E7A4F7556}") = "Assignment2", "Assignment2\Assignment2.csproj", "{0CBC34F5-82B9-4B59-B959-C23C9A396505}"
EndProject
Project("{FAE04EC0-301F-11D3-BF4B-00C04F79EFBC}") = "Assignment2Tests", "Assignment2Tests\Assignment2Tests.csproj", "{9ECC04F4-9964-466A-8104-32B966892E4A}"
EndProject
Global
	GlobalSection(SolutionConfigurationPlatforms) = preSolution
		Debug|Any CPU = Debug|Any CPU
		Release|Any CPU = Release|Any CPU
	EndGlobalSection
	GlobalSection(ProjectConfigurationPlatforms) = postSolution
		{0CBC34F5-82B9-4B59-B959-C23C9A396505}.Debug|Any CPU.ActiveCfg = Debug|Any CPU
		{0CBC34F5-82B9-4B59-B959-C23C9A396505}.Debug|Any CPU.Build.0 = Debug|Any CPU
		{0CBC34F5-82B9-4B59-B959-C23C9A396505}.Release|Any CPU.ActiveCfg = Release|Any CPU
		{0CBC34F5-82B9-4B59-B959-C23C9A396505}.Release|Any CPU.Build.0 = Release|Any CPU
		{9ECC04F4-9964-466A-8104-32B966892E4A}.Debug|Any CPU.ActiveCfg = Debug|Any CPU
		{9ECC04F4-9964-466A-8104-32B966892E4A}.Debug|Any CPU.Build.0 = Debug|Any CPU
		{9ECC04F4-9964-466A-8104-32B966892E4A}.Release|Any CPU.ActiveCfg = Release|Any CPU
		{9ECC04F4-9964-466A-8104-32B966892E4A}.Release|Any CPU.Build.0 = Release|Any CPU
	EndGlobalSection
	GlobalSection(SolutionProperties) = preSolution
		HideSolutionNode = FALSE
	EndGlobalSection
	GlobalSection(ExtensibilityGlobals) = postSolution
		SolutionGuid = {C48F1DBC-6B7E-4C26-8298-864D38F35378}
	EndGlobalSection
EndGlobal
